
Microsoft Visual Studio Solution File, Format Version 12.00
# Visual Studio 15
VisualStudioVersion = 15.0.26620.0
MinimumVisualStudioVersion = 10.0.40219.1
Project("{9A19103F-16F7-4668-BE54-9A1E7A4F7556}") = "Xamarin.VsSDK", "VSSDK\Xamarin.VsSDK.csproj", "{8224B403-29E1-49D9-B023-D82C2A0CA807}"
EndProject
Project("{9A19103F-16F7-4668-BE54-9A1E7A4F7556}") = "Xamarin.VsSDK.BuildTools", "VSSDK.BuildTools\Xamarin.VsSDK.BuildTools.csproj", "{9AC63AB7-556B-45FA-A362-CB38710DC70D}"
EndProject
Project("{2150E333-8FDC-42A3-9474-1A3956D46DE8}") = "Solution Items", "Solution Items", "{99515836-5C56-48C5-88A1-74F0029FA2C5}"
	ProjectSection(SolutionItems) = preProject
		..\.editorconfig = ..\.editorconfig
		..\build.cmd = ..\build.cmd
		..\build.proj = ..\build.proj
		Directory.Build.props = Directory.Build.props
		Directory.Build.targets = Directory.Build.targets
		..\GitInfo.txt = ..\GitInfo.txt
		..\NuGet.Config = ..\NuGet.Config
		..\sleet.in = ..\sleet.in
		Version.targets = Version.targets
		VSL.Imports.targets = VSL.Imports.targets
	EndProjectSection
EndProject
Project("{9A19103F-16F7-4668-BE54-9A1E7A4F7556}") = "Xamarin.VsSDK.Tests", "..\test\Xamarin.VsSDK.Tests\Xamarin.VsSDK.Tests.csproj", "{C6C20387-46D1-446E-80BC-4A446F7159F1}"
	ProjectSection(ProjectDependencies) = postProject
		{8224B403-29E1-49D9-B023-D82C2A0CA807} = {8224B403-29E1-49D9-B023-D82C2A0CA807}
		{9AC63AB7-556B-45FA-A362-CB38710DC70D} = {9AC63AB7-556B-45FA-A362-CB38710DC70D}
	EndProjectSection
EndProject
Global
	GlobalSection(SolutionConfigurationPlatforms) = preSolution
		Debug|Any CPU = Debug|Any CPU
		Release|Any CPU = Release|Any CPU
	EndGlobalSection
	GlobalSection(ProjectConfigurationPlatforms) = postSolution
		{8224B403-29E1-49D9-B023-D82C2A0CA807}.Debug|Any CPU.ActiveCfg = Debug|Any CPU
		{8224B403-29E1-49D9-B023-D82C2A0CA807}.Debug|Any CPU.Build.0 = Debug|Any CPU
		{8224B403-29E1-49D9-B023-D82C2A0CA807}.Release|Any CPU.ActiveCfg = Release|Any CPU
		{8224B403-29E1-49D9-B023-D82C2A0CA807}.Release|Any CPU.Build.0 = Release|Any CPU
		{9AC63AB7-556B-45FA-A362-CB38710DC70D}.Debug|Any CPU.ActiveCfg = Debug|Any CPU
		{9AC63AB7-556B-45FA-A362-CB38710DC70D}.Debug|Any CPU.Build.0 = Debug|Any CPU
		{9AC63AB7-556B-45FA-A362-CB38710DC70D}.Release|Any CPU.ActiveCfg = Release|Any CPU
		{9AC63AB7-556B-45FA-A362-CB38710DC70D}.Release|Any CPU.Build.0 = Release|Any CPU
		{C6C20387-46D1-446E-80BC-4A446F7159F1}.Debug|Any CPU.ActiveCfg = Debug|Any CPU
		{C6C20387-46D1-446E-80BC-4A446F7159F1}.Debug|Any CPU.Build.0 = Debug|Any CPU
		{C6C20387-46D1-446E-80BC-4A446F7159F1}.Release|Any CPU.ActiveCfg = Release|Any CPU
		{C6C20387-46D1-446E-80BC-4A446F7159F1}.Release|Any CPU.Build.0 = Release|Any CPU
	EndGlobalSection
	GlobalSection(SolutionProperties) = preSolution
		HideSolutionNode = FALSE
	EndGlobalSection
	GlobalSection(ExtensibilityGlobals) = postSolution
		SolutionGuid = {C50656FB-10CF-42FD-BBF6-7FE4CF15D474}
	EndGlobalSection
EndGlobal
